
Microsoft Visual Studio Solution File, Format Version 12.00
# Visual Studio Version 16
VisualStudioVersion = 16.0.28922.388
MinimumVisualStudioVersion = 10.0.40219.1
Project("{FAE04EC0-301F-11D3-BF4B-00C04F79EFBC}") = "Here.Client", "Here.Client\Here.Client.csproj", "{13E0B0A5-B6A6-464B-9DAB-B9DFB24D83E5}"
EndProject
Project("{FAE04EC0-301F-11D3-BF4B-00C04F79EFBC}") = "Here.Client.Tests", "Here.Client.Tests\Here.Client.Tests.csproj", "{D31AB55B-6B2B-4043-8FB7-E0608B0ECA75}"
EndProject
Global
	GlobalSection(SolutionConfigurationPlatforms) = preSolution
		Debug|Any CPU = Debug|Any CPU
		Release|Any CPU = Release|Any CPU
	EndGlobalSection
	GlobalSection(ProjectConfigurationPlatforms) = postSolution
		{13E0B0A5-B6A6-464B-9DAB-B9DFB24D83E5}.Debug|Any CPU.ActiveCfg = Debug|Any CPU
		{13E0B0A5-B6A6-464B-9DAB-B9DFB24D83E5}.Debug|Any CPU.Build.0 = Debug|Any CPU
		{13E0B0A5-B6A6-464B-9DAB-B9DFB24D83E5}.Release|Any CPU.ActiveCfg = Release|Any CPU
		{13E0B0A5-B6A6-464B-9DAB-B9DFB24D83E5}.Release|Any CPU.Build.0 = Release|Any CPU
		{D31AB55B-6B2B-4043-8FB7-E0608B0ECA75}.Debug|Any CPU.ActiveCfg = Debug|Any CPU
		{D31AB55B-6B2B-4043-8FB7-E0608B0ECA75}.Debug|Any CPU.Build.0 = Debug|Any CPU
		{D31AB55B-6B2B-4043-8FB7-E0608B0ECA75}.Release|Any CPU.ActiveCfg = Release|Any CPU
		{D31AB55B-6B2B-4043-8FB7-E0608B0ECA75}.Release|Any CPU.Build.0 = Release|Any CPU
	EndGlobalSection
	GlobalSection(SolutionProperties) = preSolution
		HideSolutionNode = FALSE
	EndGlobalSection
	GlobalSection(ExtensibilityGlobals) = postSolution
		SolutionGuid = {F5E315EA-2C5C-47E4-9135-EA64016ECBB7}
	EndGlobalSection
EndGlobal
